
Microsoft Visual Studio Solution File, Format Version 12.00
# Visual Studio 15
VisualStudioVersion = 15.0.27703.2035
MinimumVisualStudioVersion = 10.0.40219.1
Project("{FAE04EC0-301F-11D3-BF4B-00C04F79EFBC}") = "Newbe.Mahua.Plugins.DFMjinyan", "Newbe.Mahua.Plugins.DFMjinyan\Newbe.Mahua.Plugins.DFMjinyan.csproj", "{6C6B39BE-2869-48C2-8ED2-3910FA293051}"
EndProject
Global
	GlobalSection(SolutionConfigurationPlatforms) = preSolution
		Debug|Any CPU = Debug|Any CPU
		Release|Any CPU = Release|Any CPU
	EndGlobalSection
	GlobalSection(ProjectConfigurationPlatforms) = postSolution
		{6C6B39BE-2869-48C2-8ED2-3910FA293051}.Debug|Any CPU.ActiveCfg = Debug|Any CPU
		{6C6B39BE-2869-48C2-8ED2-3910FA293051}.Debug|Any CPU.Build.0 = Debug|Any CPU
		{6C6B39BE-2869-48C2-8ED2-3910FA293051}.Release|Any CPU.ActiveCfg = Release|Any CPU
		{6C6B39BE-2869-48C2-8ED2-3910FA293051}.Release|Any CPU.Build.0 = Release|Any CPU
	EndGlobalSection
	GlobalSection(SolutionProperties) = preSolution
		HideSolutionNode = FALSE
	EndGlobalSection
	GlobalSection(ExtensibilityGlobals) = postSolution
		SolutionGuid = {647F5EB1-EE5D-49AA-A969-60BAFB53AFD0}
	EndGlobalSection
EndGlobal
